
Microsoft Visual Studio Solution File, Format Version 12.00
# Visual Studio Version 16
VisualStudioVersion = 16.0.29905.134
MinimumVisualStudioVersion = 10.0.40219.1
Project("{FAE04EC0-301F-11D3-BF4B-00C04F79EFBC}") = "HRMSCLUSTER", "HRMSCLUSTER.csproj", "{BDB904E7-DBF3-4664-81DC-7BE9D97ABD17}"
EndProject
Global
	GlobalSection(SolutionConfigurationPlatforms) = preSolution
		Debug|Any CPU = Debug|Any CPU
		Release|Any CPU = Release|Any CPU
	EndGlobalSection
	GlobalSection(ProjectConfigurationPlatforms) = postSolution
		{BDB904E7-DBF3-4664-81DC-7BE9D97ABD17}.Debug|Any CPU.ActiveCfg = Debug|Any CPU
		{BDB904E7-DBF3-4664-81DC-7BE9D97ABD17}.Debug|Any CPU.Build.0 = Debug|Any CPU
		{BDB904E7-DBF3-4664-81DC-7BE9D97ABD17}.Release|Any CPU.ActiveCfg = Release|Any CPU
		{BDB904E7-DBF3-4664-81DC-7BE9D97ABD17}.Release|Any CPU.Build.0 = Release|Any CPU
	EndGlobalSection
	GlobalSection(SolutionProperties) = preSolution
		HideSolutionNode = FALSE
	EndGlobalSection
	GlobalSection(ExtensibilityGlobals) = postSolution
		SolutionGuid = {80E7895B-7E9C-4732-A52F-B12B37CA6FFD}
	EndGlobalSection
EndGlobal
